
Microsoft Visual Studio Solution File, Format Version 12.00
# Visual Studio Version 17
VisualStudioVersion = 17.5.33627.172
MinimumVisualStudioVersion = 10.0.40219.1
Project("{FAE04EC0-301F-11D3-BF4B-00C04F79EFBC}") = "Q-1.3", "Q-1.3\Q-1.3.csproj", "{A576F31E-2A60-486F-B2EC-B1222EE2E770}"
EndProject
Global
	GlobalSection(SolutionConfigurationPlatforms) = preSolution
		Debug|Any CPU = Debug|Any CPU
		Release|Any CPU = Release|Any CPU
	EndGlobalSection
	GlobalSection(ProjectConfigurationPlatforms) = postSolution
		{A576F31E-2A60-486F-B2EC-B1222EE2E770}.Debug|Any CPU.ActiveCfg = Debug|Any CPU
		{A576F31E-2A60-486F-B2EC-B1222EE2E770}.Debug|Any CPU.Build.0 = Debug|Any CPU
		{A576F31E-2A60-486F-B2EC-B1222EE2E770}.Release|Any CPU.ActiveCfg = Release|Any CPU
		{A576F31E-2A60-486F-B2EC-B1222EE2E770}.Release|Any CPU.Build.0 = Release|Any CPU
	EndGlobalSection
	GlobalSection(SolutionProperties) = preSolution
		HideSolutionNode = FALSE
	EndGlobalSection
	GlobalSection(ExtensibilityGlobals) = postSolution
		SolutionGuid = {759005DA-C518-4D58-8E97-623072593BCF}
	EndGlobalSection
EndGlobal
