
Microsoft Visual Studio Solution File, Format Version 12.00
# Visual Studio Version 17
VisualStudioVersion = 17.5.33627.172
MinimumVisualStudioVersion = 10.0.40219.1
Project("{FAE04EC0-301F-11D3-BF4B-00C04F79EFBC}") = "Q-1.3", "Q-1.3\Q-1.3.csproj", "{57F530A9-6580-4BA7-9963-13CF87E410D3}"
EndProject
Global
	GlobalSection(SolutionConfigurationPlatforms) = preSolution
		Debug|Any CPU = Debug|Any CPU
		Release|Any CPU = Release|Any CPU
	EndGlobalSection
	GlobalSection(ProjectConfigurationPlatforms) = postSolution
		{57F530A9-6580-4BA7-9963-13CF87E410D3}.Debug|Any CPU.ActiveCfg = Debug|Any CPU
		{57F530A9-6580-4BA7-9963-13CF87E410D3}.Debug|Any CPU.Build.0 = Debug|Any CPU
		{57F530A9-6580-4BA7-9963-13CF87E410D3}.Release|Any CPU.ActiveCfg = Release|Any CPU
		{57F530A9-6580-4BA7-9963-13CF87E410D3}.Release|Any CPU.Build.0 = Release|Any CPU
	EndGlobalSection
	GlobalSection(SolutionProperties) = preSolution
		HideSolutionNode = FALSE
	EndGlobalSection
	GlobalSection(ExtensibilityGlobals) = postSolution
		SolutionGuid = {0CCFEAAB-2D80-42AE-B985-59AD1A0A748D}
	EndGlobalSection
EndGlobal
