
Microsoft Visual Studio Solution File, Format Version 12.00
# Visual Studio Version 17
VisualStudioVersion = 17.5.33627.172
MinimumVisualStudioVersion = 10.0.40219.1
Project("{FAE04EC0-301F-11D3-BF4B-00C04F79EFBC}") = "Q-4", "Q-4\Q-4.csproj", "{527DB922-ED6B-42AD-8D55-326E266087CF}"
EndProject
Global
	GlobalSection(SolutionConfigurationPlatforms) = preSolution
		Debug|Any CPU = Debug|Any CPU
		Release|Any CPU = Release|Any CPU
	EndGlobalSection
	GlobalSection(ProjectConfigurationPlatforms) = postSolution
		{527DB922-ED6B-42AD-8D55-326E266087CF}.Debug|Any CPU.ActiveCfg = Debug|Any CPU
		{527DB922-ED6B-42AD-8D55-326E266087CF}.Debug|Any CPU.Build.0 = Debug|Any CPU
		{527DB922-ED6B-42AD-8D55-326E266087CF}.Release|Any CPU.ActiveCfg = Release|Any CPU
		{527DB922-ED6B-42AD-8D55-326E266087CF}.Release|Any CPU.Build.0 = Release|Any CPU
	EndGlobalSection
	GlobalSection(SolutionProperties) = preSolution
		HideSolutionNode = FALSE
	EndGlobalSection
	GlobalSection(ExtensibilityGlobals) = postSolution
		SolutionGuid = {2D58E0E0-027E-4067-A64E-AEA8024522D6}
	EndGlobalSection
EndGlobal
