
Microsoft Visual Studio Solution File, Format Version 12.00
# Visual Studio Version 17
VisualStudioVersion = 17.5.33627.172
MinimumVisualStudioVersion = 10.0.40219.1
Project("{FAE04EC0-301F-11D3-BF4B-00C04F79EFBC}") = "Q-7", "Q-7\Q-7.csproj", "{B65D5A01-96E3-4712-A9A5-BEC27FAD43C3}"
EndProject
Global
	GlobalSection(SolutionConfigurationPlatforms) = preSolution
		Debug|Any CPU = Debug|Any CPU
		Release|Any CPU = Release|Any CPU
	EndGlobalSection
	GlobalSection(ProjectConfigurationPlatforms) = postSolution
		{B65D5A01-96E3-4712-A9A5-BEC27FAD43C3}.Debug|Any CPU.ActiveCfg = Debug|Any CPU
		{B65D5A01-96E3-4712-A9A5-BEC27FAD43C3}.Debug|Any CPU.Build.0 = Debug|Any CPU
		{B65D5A01-96E3-4712-A9A5-BEC27FAD43C3}.Release|Any CPU.ActiveCfg = Release|Any CPU
		{B65D5A01-96E3-4712-A9A5-BEC27FAD43C3}.Release|Any CPU.Build.0 = Release|Any CPU
	EndGlobalSection
	GlobalSection(SolutionProperties) = preSolution
		HideSolutionNode = FALSE
	EndGlobalSection
	GlobalSection(ExtensibilityGlobals) = postSolution
		SolutionGuid = {35261E48-FA35-4431-A47F-74B6BA8E6A46}
	EndGlobalSection
EndGlobal
