
Microsoft Visual Studio Solution File, Format Version 12.00
# Visual Studio Version 17
VisualStudioVersion = 17.5.33627.172
MinimumVisualStudioVersion = 10.0.40219.1
Project("{FAE04EC0-301F-11D3-BF4B-00C04F79EFBC}") = "Q-2", "Q-2\Q-2.csproj", "{36C20309-D52D-4BAE-9436-A79D5C99C0E7}"
EndProject
Global
	GlobalSection(SolutionConfigurationPlatforms) = preSolution
		Debug|Any CPU = Debug|Any CPU
		Release|Any CPU = Release|Any CPU
	EndGlobalSection
	GlobalSection(ProjectConfigurationPlatforms) = postSolution
		{36C20309-D52D-4BAE-9436-A79D5C99C0E7}.Debug|Any CPU.ActiveCfg = Debug|Any CPU
		{36C20309-D52D-4BAE-9436-A79D5C99C0E7}.Debug|Any CPU.Build.0 = Debug|Any CPU
		{36C20309-D52D-4BAE-9436-A79D5C99C0E7}.Release|Any CPU.ActiveCfg = Release|Any CPU
		{36C20309-D52D-4BAE-9436-A79D5C99C0E7}.Release|Any CPU.Build.0 = Release|Any CPU
	EndGlobalSection
	GlobalSection(SolutionProperties) = preSolution
		HideSolutionNode = FALSE
	EndGlobalSection
	GlobalSection(ExtensibilityGlobals) = postSolution
		SolutionGuid = {D847C497-C22B-4189-BA7C-DDF90EF74FAE}
	EndGlobalSection
EndGlobal
